
Microsoft Visual Studio Solution File, Format Version 12.00
# Visual Studio Version 17
VisualStudioVersion = 17.5.002.0
MinimumVisualStudioVersion = 10.0.40219.1
Project("{9A19103F-16F7-4668-BE54-9A1E7A4F7556}") = "mis-221-pa6-mtippens", "mis-221-pa6-mtippens.csproj", "{83CA1321-B986-4687-AA94-125776D01256}"
EndProject
Global
	GlobalSection(SolutionConfigurationPlatforms) = preSolution
		Debug|Any CPU = Debug|Any CPU
		Release|Any CPU = Release|Any CPU
	EndGlobalSection
	GlobalSection(ProjectConfigurationPlatforms) = postSolution
		{83CA1321-B986-4687-AA94-125776D01256}.Debug|Any CPU.ActiveCfg = Debug|Any CPU
		{83CA1321-B986-4687-AA94-125776D01256}.Debug|Any CPU.Build.0 = Debug|Any CPU
		{83CA1321-B986-4687-AA94-125776D01256}.Release|Any CPU.ActiveCfg = Release|Any CPU
		{83CA1321-B986-4687-AA94-125776D01256}.Release|Any CPU.Build.0 = Release|Any CPU
	EndGlobalSection
	GlobalSection(SolutionProperties) = preSolution
		HideSolutionNode = FALSE
	EndGlobalSection
	GlobalSection(ExtensibilityGlobals) = postSolution
		SolutionGuid = {86D980D4-1833-4240-9B8C-6553B63766F4}
	EndGlobalSection
EndGlobal
